// !$*UTF8*$!
{
	archiveVersion = 1;
	classes = {
	};
	objectVersion = 56;
	objects = {

/* Begin PBXBuildFile section */
		91094A212C76537A00611BC0 /* ExpenseDetailViewModel.swift in Sources */ = {isa = PBXBuildFile; fileRef = 91094A202C76537A00611BC0 /* ExpenseDetailViewModel.swift */; };
		91094A232C77E24A00611BC0 /* CategoryListView.swift in Sources */ = {isa = PBXBuildFile; fileRef = 91094A222C77E24A00611BC0 /* CategoryListView.swift */; };
		91094A252C77E41700611BC0 /* CategoryListViewModel.swift in Sources */ = {isa = PBXBuildFile; fileRef = 91094A242C77E41700611BC0 /* CategoryListViewModel.swift */; };
		91094A282C77E87E00611BC0 /* FloatingActionButton.swift in Sources */ = {isa = PBXBuildFile; fileRef = 91094A272C77E87E00611BC0 /* FloatingActionButton.swift */; };
		91094A2A2C77E95100611BC0 /* default_categories.json in Resources */ = {isa = PBXBuildFile; fileRef = 91094A292C77E95100611BC0 /* default_categories.json */; };
		91094A2C2C780E7400611BC0 /* Router.swift in Sources */ = {isa = PBXBuildFile; fileRef = 91094A2B2C780E7400611BC0 /* Router.swift */; };
		91094A2E2C7816EE00611BC0 /* Notification+Extension.swift in Sources */ = {isa = PBXBuildFile; fileRef = 91094A2D2C7816EE00611BC0 /* Notification+Extension.swift */; };
		9131DC882C7369430056732F /* ExpensesBookApp.swift in Sources */ = {isa = PBXBuildFile; fileRef = 9131DC872C7369430056732F /* ExpensesBookApp.swift */; };
		9131DC8C2C7369460056732F /* Assets.xcassets in Resources */ = {isa = PBXBuildFile; fileRef = 9131DC8B2C7369460056732F /* Assets.xcassets */; };
		9131DC8F2C7369460056732F /* Preview Assets.xcassets in Resources */ = {isa = PBXBuildFile; fileRef = 9131DC8E2C7369460056732F /* Preview Assets.xcassets */; };
		9131DC992C7369460056732F /* ExpensesBookTests.swift in Sources */ = {isa = PBXBuildFile; fileRef = 9131DC982C7369460056732F /* ExpensesBookTests.swift */; };
		9131DCA32C7369460056732F /* ExpensesBookUITests.swift in Sources */ = {isa = PBXBuildFile; fileRef = 9131DCA22C7369460056732F /* ExpensesBookUITests.swift */; };
		9131DCA52C7369460056732F /* ExpensesBookUITestsLaunchTests.swift in Sources */ = {isa = PBXBuildFile; fileRef = 9131DCA42C7369460056732F /* ExpensesBookUITestsLaunchTests.swift */; };
		9131DCB82C736EBF0056732F /* RealmSwift in Frameworks */ = {isa = PBXBuildFile; productRef = 9131DCB72C736EBF0056732F /* RealmSwift */; };
		9131DCC82C7384470056732F /* Launch Screen.storyboard in Resources */ = {isa = PBXBuildFile; fileRef = 9131DCC72C7384470056732F /* Launch Screen.storyboard */; };
		9131DCCB2C73B8F00056732F /* Expense.swift in Sources */ = {isa = PBXBuildFile; fileRef = 9131DCCA2C73B8F00056732F /* Expense.swift */; };
		9131DCCD2C73B91B0056732F /* Category.swift in Sources */ = {isa = PBXBuildFile; fileRef = 9131DCCC2C73B91B0056732F /* Category.swift */; };
		9131DCD22C73BA470056732F /* ExpenseModelTests.swift in Sources */ = {isa = PBXBuildFile; fileRef = 9131DCD12C73BA470056732F /* ExpenseModelTests.swift */; };
		9131DCD42C73BA9E0056732F /* CategoryModelTests.swift in Sources */ = {isa = PBXBuildFile; fileRef = 9131DCD32C73BA9E0056732F /* CategoryModelTests.swift */; };
		9131DCD72C73CFE70056732F /* RealmSwift in Frameworks */ = {isa = PBXBuildFile; productRef = 9131DCD62C73CFE70056732F /* RealmSwift */; };
		9131DCD92C73CFE70056732F /* RealmSwift in Embed Frameworks */ = {isa = PBXBuildFile; productRef = 9131DCD62C73CFE70056732F /* RealmSwift */; };
		9131DCDB2C73EA210056732F /* RealmDataManager.swift in Sources */ = {isa = PBXBuildFile; fileRef = 9131DCDA2C73EA210056732F /* RealmDataManager.swift */; };
		9131DCDD2C73EAEE0056732F /* ExpenseRepository.swift in Sources */ = {isa = PBXBuildFile; fileRef = 9131DCDC2C73EAEE0056732F /* ExpenseRepository.swift */; };
		9131DCDF2C73EB340056732F /* ExpenseHistoryViewModel.swift in Sources */ = {isa = PBXBuildFile; fileRef = 9131DCDE2C73EB340056732F /* ExpenseHistoryViewModel.swift */; };
		9131DCE12C740DAA0056732F /* CategoryRepository.swift in Sources */ = {isa = PBXBuildFile; fileRef = 9131DCE02C740DAA0056732F /* CategoryRepository.swift */; };
		9131DCE32C740E390056732F /* CategoryViewModel.swift in Sources */ = {isa = PBXBuildFile; fileRef = 9131DCE22C740E390056732F /* CategoryViewModel.swift */; };
		9131DCE52C75312B0056732F /* ExpenseHistoryView.swift in Sources */ = {isa = PBXBuildFile; fileRef = 9131DCE42C75312B0056732F /* ExpenseHistoryView.swift */; };
		9141CFFA2C75F72300122630 /* CoordinatorContainerView.swift in Sources */ = {isa = PBXBuildFile; fileRef = 9141CFF92C75F72300122630 /* CoordinatorContainerView.swift */; };
		9141CFFC2C75FD0900122630 /* DocumentCameraView.swift in Sources */ = {isa = PBXBuildFile; fileRef = 9141CFFB2C75FD0900122630 /* DocumentCameraView.swift */; };
		9141CFFE2C75FD4800122630 /* CaptureExpenseView.swift in Sources */ = {isa = PBXBuildFile; fileRef = 9141CFFD2C75FD4800122630 /* CaptureExpenseView.swift */; };
		91A0967E2C76099F00E082DD /* RealmSwift in Embed Frameworks */ = {isa = PBXBuildFile; productRef = 9131DCB72C736EBF0056732F /* RealmSwift */; settings = {ATTRIBUTES = (CodeSignOnCopy, ); }; };
		91A096802C76399900E082DD /* ExpenseDetailView.swift in Sources */ = {isa = PBXBuildFile; fileRef = 91A0967F2C76399900E082DD /* ExpenseDetailView.swift */; };
/* End PBXBuildFile section */

/* Begin PBXContainerItemProxy section */
		9131DC952C7369460056732F /* PBXContainerItemProxy */ = {
			isa = PBXContainerItemProxy;
			containerPortal = 9131DC7C2C7369430056732F /* Project object */;
			proxyType = 1;
			remoteGlobalIDString = 9131DC832C7369430056732F;
			remoteInfo = ExpensesBook;
		};
		9131DC9F2C7369460056732F /* PBXContainerItemProxy */ = {
			isa = PBXContainerItemProxy;
			containerPortal = 9131DC7C2C7369430056732F /* Project object */;
			proxyType = 1;
			remoteGlobalIDString = 9131DC832C7369430056732F;
			remoteInfo = ExpensesBook;
		};
/* End PBXContainerItemProxy section */

/* Begin PBXCopyFilesBuildPhase section */
		9131DCD82C73CFE70056732F /* Embed Frameworks */ = {
			isa = PBXCopyFilesBuildPhase;
			buildActionMask = 2147483647;
			dstPath = "";
			dstSubfolderSpec = 10;
			files = (
				9131DCD92C73CFE70056732F /* RealmSwift in Embed Frameworks */,
			);
			name = "Embed Frameworks";
			runOnlyForDeploymentPostprocessing = 0;
		};
		9141D0002C76074D00122630 /* Embed Frameworks */ = {
			isa = PBXCopyFilesBuildPhase;
			buildActionMask = 2147483647;
			dstPath = "";
			dstSubfolderSpec = 10;
			files = (
				91A0967E2C76099F00E082DD /* RealmSwift in Embed Frameworks */,
			);
			name = "Embed Frameworks";
			runOnlyForDeploymentPostprocessing = 0;
		};
/* End PBXCopyFilesBuildPhase section */

/* Begin PBXFileReference section */
		91094A202C76537A00611BC0 /* ExpenseDetailViewModel.swift */ = {isa = PBXFileReference; lastKnownFileType = sourcecode.swift; path = ExpenseDetailViewModel.swift; sourceTree = "<group>"; };
		91094A222C77E24A00611BC0 /* CategoryListView.swift */ = {isa = PBXFileReference; lastKnownFileType = sourcecode.swift; path = CategoryListView.swift; sourceTree = "<group>"; };
		91094A242C77E41700611BC0 /* CategoryListViewModel.swift */ = {isa = PBXFileReference; lastKnownFileType = sourcecode.swift; path = CategoryListViewModel.swift; sourceTree = "<group>"; };
		91094A272C77E87E00611BC0 /* FloatingActionButton.swift */ = {isa = PBXFileReference; lastKnownFileType = sourcecode.swift; path = FloatingActionButton.swift; sourceTree = "<group>"; };
		91094A292C77E95100611BC0 /* default_categories.json */ = {isa = PBXFileReference; lastKnownFileType = text.json; path = default_categories.json; sourceTree = "<group>"; };
		91094A2B2C780E7400611BC0 /* Router.swift */ = {isa = PBXFileReference; lastKnownFileType = sourcecode.swift; path = Router.swift; sourceTree = "<group>"; };
		91094A2D2C7816EE00611BC0 /* Notification+Extension.swift */ = {isa = PBXFileReference; lastKnownFileType = sourcecode.swift; path = "Notification+Extension.swift"; sourceTree = "<group>"; };
		9131DC842C7369430056732F /* ExpensesBook.app */ = {isa = PBXFileReference; explicitFileType = wrapper.application; includeInIndex = 0; path = ExpensesBook.app; sourceTree = BUILT_PRODUCTS_DIR; };
		9131DC872C7369430056732F /* ExpensesBookApp.swift */ = {isa = PBXFileReference; lastKnownFileType = sourcecode.swift; path = ExpensesBookApp.swift; sourceTree = "<group>"; };
		9131DC8B2C7369460056732F /* Assets.xcassets */ = {isa = PBXFileReference; lastKnownFileType = folder.assetcatalog; path = Assets.xcassets; sourceTree = "<group>"; };
		9131DC8E2C7369460056732F /* Preview Assets.xcassets */ = {isa = PBXFileReference; lastKnownFileType = folder.assetcatalog; path = "Preview Assets.xcassets"; sourceTree = "<group>"; };
		9131DC942C7369460056732F /* ExpensesBookTests.xctest */ = {isa = PBXFileReference; explicitFileType = wrapper.cfbundle; includeInIndex = 0; path = ExpensesBookTests.xctest; sourceTree = BUILT_PRODUCTS_DIR; };
		9131DC982C7369460056732F /* ExpensesBookTests.swift */ = {isa = PBXFileReference; lastKnownFileType = sourcecode.swift; path = ExpensesBookTests.swift; sourceTree = "<group>"; };
		9131DC9E2C7369460056732F /* ExpensesBookUITests.xctest */ = {isa = PBXFileReference; explicitFileType = wrapper.cfbundle; includeInIndex = 0; path = ExpensesBookUITests.xctest; sourceTree = BUILT_PRODUCTS_DIR; };
		9131DCA22C7369460056732F /* ExpensesBookUITests.swift */ = {isa = PBXFileReference; lastKnownFileType = sourcecode.swift; path = ExpensesBookUITests.swift; sourceTree = "<group>"; };
		9131DCA42C7369460056732F /* ExpensesBookUITestsLaunchTests.swift */ = {isa = PBXFileReference; lastKnownFileType = sourcecode.swift; path = ExpensesBookUITestsLaunchTests.swift; sourceTree = "<group>"; };
		9131DCC72C7384470056732F /* Launch Screen.storyboard */ = {isa = PBXFileReference; lastKnownFileType = file.storyboard; path = "Launch Screen.storyboard"; sourceTree = "<group>"; };
		9131DCCA2C73B8F00056732F /* Expense.swift */ = {isa = PBXFileReference; lastKnownFileType = sourcecode.swift; path = Expense.swift; sourceTree = "<group>"; };
		9131DCCC2C73B91B0056732F /* Category.swift */ = {isa = PBXFileReference; lastKnownFileType = sourcecode.swift; path = Category.swift; sourceTree = "<group>"; };
		9131DCD12C73BA470056732F /* ExpenseModelTests.swift */ = {isa = PBXFileReference; lastKnownFileType = sourcecode.swift; path = ExpenseModelTests.swift; sourceTree = "<group>"; };
		9131DCD32C73BA9E0056732F /* CategoryModelTests.swift */ = {isa = PBXFileReference; lastKnownFileType = sourcecode.swift; path = CategoryModelTests.swift; sourceTree = "<group>"; };
		9131DCDA2C73EA210056732F /* RealmDataManager.swift */ = {isa = PBXFileReference; lastKnownFileType = sourcecode.swift; path = RealmDataManager.swift; sourceTree = "<group>"; };
		9131DCDC2C73EAEE0056732F /* ExpenseRepository.swift */ = {isa = PBXFileReference; lastKnownFileType = sourcecode.swift; path = ExpenseRepository.swift; sourceTree = "<group>"; };
		9131DCDE2C73EB340056732F /* ExpenseHistoryViewModel.swift */ = {isa = PBXFileReference; lastKnownFileType = sourcecode.swift; path = ExpenseHistoryViewModel.swift; sourceTree = "<group>"; };
		9131DCE02C740DAA0056732F /* CategoryRepository.swift */ = {isa = PBXFileReference; lastKnownFileType = sourcecode.swift; path = CategoryRepository.swift; sourceTree = "<group>"; };
		9131DCE22C740E390056732F /* CategoryViewModel.swift */ = {isa = PBXFileReference; lastKnownFileType = sourcecode.swift; path = CategoryViewModel.swift; sourceTree = "<group>"; };
		9131DCE42C75312B0056732F /* ExpenseHistoryView.swift */ = {isa = PBXFileReference; lastKnownFileType = sourcecode.swift; path = ExpenseHistoryView.swift; sourceTree = "<group>"; };
		9141CFF92C75F72300122630 /* CoordinatorContainerView.swift */ = {isa = PBXFileReference; lastKnownFileType = sourcecode.swift; path = CoordinatorContainerView.swift; sourceTree = "<group>"; };
		9141CFFB2C75FD0900122630 /* DocumentCameraView.swift */ = {isa = PBXFileReference; lastKnownFileType = sourcecode.swift; path = DocumentCameraView.swift; sourceTree = "<group>"; };
		9141CFFD2C75FD4800122630 /* CaptureExpenseView.swift */ = {isa = PBXFileReference; lastKnownFileType = sourcecode.swift; path = CaptureExpenseView.swift; sourceTree = "<group>"; };
		91A0967F2C76399900E082DD /* ExpenseDetailView.swift */ = {isa = PBXFileReference; lastKnownFileType = sourcecode.swift; path = ExpenseDetailView.swift; sourceTree = "<group>"; };
/* End PBXFileReference section */

/* Begin PBXFrameworksBuildPhase section */
		9131DC812C7369430056732F /* Frameworks */ = {
			isa = PBXFrameworksBuildPhase;
			buildActionMask = 2147483647;
			files = (
				9131DCB82C736EBF0056732F /* RealmSwift in Frameworks */,
			);
			runOnlyForDeploymentPostprocessing = 0;
		};
		9131DC912C7369460056732F /* Frameworks */ = {
			isa = PBXFrameworksBuildPhase;
			buildActionMask = 2147483647;
			files = (
				9131DCD72C73CFE70056732F /* RealmSwift in Frameworks */,
			);
			runOnlyForDeploymentPostprocessing = 0;
		};
		9131DC9B2C7369460056732F /* Frameworks */ = {
			isa = PBXFrameworksBuildPhase;
			buildActionMask = 2147483647;
			files = (
			);
			runOnlyForDeploymentPostprocessing = 0;
		};
/* End PBXFrameworksBuildPhase section */

/* Begin PBXGroup section */
		91094A262C77E7A200611BC0 /* Components */ = {
			isa = PBXGroup;
			children = (
				91094A272C77E87E00611BC0 /* FloatingActionButton.swift */,
			);
			path = Components;
			sourceTree = "<group>";
		};
		91094A2F2C78245C00611BC0 /* Data */ = {
			isa = PBXGroup;
			children = (
				91094A302C78246200611BC0 /* Local */,
			);
			path = Data;
			sourceTree = "<group>";
		};
		91094A302C78246200611BC0 /* Local */ = {
			isa = PBXGroup;
			children = (
				9121A3802C7967D3009E815B /* ModelDTO */,
				9131DCDA2C73EA210056732F /* RealmDataManager.swift */,
			);
			path = Local;
			sourceTree = "<group>";
		};
		9121A3802C7967D3009E815B /* ModelDTO */ = {
			isa = PBXGroup;
			children = (
			);
			path = ModelDTO;
			sourceTree = "<group>";
		};
		9131DC7B2C7369430056732F = {
			isa = PBXGroup;
			children = (
				9131DC862C7369430056732F /* ExpensesBook */,
				9131DC972C7369460056732F /* ExpensesBookTests */,
				9131DCA12C7369460056732F /* ExpensesBookUITests */,
				9131DC852C7369430056732F /* Products */,
				9131DCD52C73CFE70056732F /* Frameworks */,
			);
			sourceTree = "<group>";
		};
		9131DC852C7369430056732F /* Products */ = {
			isa = PBXGroup;
			children = (
				9131DC842C7369430056732F /* ExpensesBook.app */,
				9131DC942C7369460056732F /* ExpensesBookTests.xctest */,
				9131DC9E2C7369460056732F /* ExpensesBookUITests.xctest */,
			);
			name = Products;
			sourceTree = "<group>";
		};
		9131DC862C7369430056732F /* ExpensesBook */ = {
			isa = PBXGroup;
			children = (
				9131DCC62C7384150056732F /* App */,
				9131DCBB2C7382D30056732F /* Modules */,
				9131DCBA2C7382C50056732F /* Common */,
				9131DCB92C7382A70056732F /* Resources */,
			);
			path = ExpensesBook;
			sourceTree = "<group>";
		};
		9131DC8D2C7369460056732F /* Preview Content */ = {
			isa = PBXGroup;
			children = (
				9131DC8E2C7369460056732F /* Preview Assets.xcassets */,
			);
			path = "Preview Content";
			sourceTree = "<group>";
		};
		9131DC972C7369460056732F /* ExpensesBookTests */ = {
			isa = PBXGroup;
			children = (
				9131DCCF2C73BA290056732F /* Common */,
				9131DCCE2C73BA240056732F /* Modules */,
				9131DC982C7369460056732F /* ExpensesBookTests.swift */,
			);
			path = ExpensesBookTests;
			sourceTree = "<group>";
		};
		9131DCA12C7369460056732F /* ExpensesBookUITests */ = {
			isa = PBXGroup;
			children = (
				9131DCA22C7369460056732F /* ExpensesBookUITests.swift */,
				9131DCA42C7369460056732F /* ExpensesBookUITestsLaunchTests.swift */,
			);
			path = ExpensesBookUITests;
			sourceTree = "<group>";
		};
		9131DCB92C7382A70056732F /* Resources */ = {
			isa = PBXGroup;
			children = (
				9131DC8D2C7369460056732F /* Preview Content */,
				9131DC8B2C7369460056732F /* Assets.xcassets */,
				9131DCC72C7384470056732F /* Launch Screen.storyboard */,
				91094A292C77E95100611BC0 /* default_categories.json */,
			);
			path = Resources;
			sourceTree = "<group>";
		};
		9131DCBA2C7382C50056732F /* Common */ = {
			isa = PBXGroup;
			children = (
				9131DCC92C73B8E30056732F /* Models */,
				9131DCBE2C73831C0056732F /* Repositories */,
				9131DCBC2C7382ED0056732F /* Utilities */,
			);
			path = Common;
			sourceTree = "<group>";
		};
		9131DCBB2C7382D30056732F /* Modules */ = {
			isa = PBXGroup;
			children = (
				9131DCC32C7383C90056732F /* Expense */,
				9131DCC22C73839B0056732F /* Category */,
			);
			path = Modules;
			sourceTree = "<group>";
		};
		9131DCBC2C7382ED0056732F /* Utilities */ = {
			isa = PBXGroup;
			children = (
				91094A262C77E7A200611BC0 /* Components */,
				91094A2D2C7816EE00611BC0 /* Notification+Extension.swift */,
			);
			path = Utilities;
			sourceTree = "<group>";
		};
		9131DCBE2C73831C0056732F /* Repositories */ = {
			isa = PBXGroup;
			children = (
				91094A2F2C78245C00611BC0 /* Data */,
				9131DCDC2C73EAEE0056732F /* ExpenseRepository.swift */,
				9131DCE02C740DAA0056732F /* CategoryRepository.swift */,
			);
			path = Repositories;
			sourceTree = "<group>";
		};
		9131DCBF2C7383510056732F /* ExpenseHistory */ = {
			isa = PBXGroup;
			children = (
				9131DCDE2C73EB340056732F /* ExpenseHistoryViewModel.swift */,
				9131DCE42C75312B0056732F /* ExpenseHistoryView.swift */,
			);
			path = ExpenseHistory;
			sourceTree = "<group>";
		};
		9131DCC02C7383820056732F /* ExpenseCapture */ = {
			isa = PBXGroup;
			children = (
				9141CFFB2C75FD0900122630 /* DocumentCameraView.swift */,
				9141CFFD2C75FD4800122630 /* CaptureExpenseView.swift */,
			);
			path = ExpenseCapture;
			sourceTree = "<group>";
		};
		9131DCC12C7383930056732F /* ExpenseDetail */ = {
			isa = PBXGroup;
			children = (
				91A0967F2C76399900E082DD /* ExpenseDetailView.swift */,
				91094A202C76537A00611BC0 /* ExpenseDetailViewModel.swift */,
			);
			path = ExpenseDetail;
			sourceTree = "<group>";
		};
		9131DCC22C73839B0056732F /* Category */ = {
			isa = PBXGroup;
			children = (
				9131DCC52C7384080056732F /* CategoryList */,
				9131DCC42C7383FF0056732F /* CategoryDetail */,
				9131DCE22C740E390056732F /* CategoryViewModel.swift */,
			);
			path = Category;
			sourceTree = "<group>";
		};
		9131DCC32C7383C90056732F /* Expense */ = {
			isa = PBXGroup;
			children = (
				9131DCBF2C7383510056732F /* ExpenseHistory */,
				9131DCC02C7383820056732F /* ExpenseCapture */,
				9131DCC12C7383930056732F /* ExpenseDetail */,
			);
			path = Expense;
			sourceTree = "<group>";
		};
		9131DCC42C7383FF0056732F /* CategoryDetail */ = {
			isa = PBXGroup;
			children = (
			);
			path = CategoryDetail;
			sourceTree = "<group>";
		};
		9131DCC52C7384080056732F /* CategoryList */ = {
			isa = PBXGroup;
			children = (
				91094A222C77E24A00611BC0 /* CategoryListView.swift */,
				91094A242C77E41700611BC0 /* CategoryListViewModel.swift */,
			);
			path = CategoryList;
			sourceTree = "<group>";
		};
		9131DCC62C7384150056732F /* App */ = {
			isa = PBXGroup;
			children = (
				9131DC872C7369430056732F /* ExpensesBookApp.swift */,
				91094A2B2C780E7400611BC0 /* Router.swift */,
				9141CFF92C75F72300122630 /* CoordinatorContainerView.swift */,
			);
			path = App;
			sourceTree = "<group>";
		};
		9131DCC92C73B8E30056732F /* Models */ = {
			isa = PBXGroup;
			children = (
				9131DCCA2C73B8F00056732F /* Expense.swift */,
				9131DCCC2C73B91B0056732F /* Category.swift */,
			);
			path = Models;
			sourceTree = "<group>";
		};
		9131DCCE2C73BA240056732F /* Modules */ = {
			isa = PBXGroup;
			children = (
			);
			path = Modules;
			sourceTree = "<group>";
		};
		9131DCCF2C73BA290056732F /* Common */ = {
			isa = PBXGroup;
			children = (
				9131DCD02C73BA350056732F /* Models */,
			);
			path = Common;
			sourceTree = "<group>";
		};
		9131DCD02C73BA350056732F /* Models */ = {
			isa = PBXGroup;
			children = (
				9131DCD12C73BA470056732F /* ExpenseModelTests.swift */,
				9131DCD32C73BA9E0056732F /* CategoryModelTests.swift */,
			);
			path = Models;
			sourceTree = "<group>";
		};
		9131DCD52C73CFE70056732F /* Frameworks */ = {
			isa = PBXGroup;
			children = (
			);
			name = Frameworks;
			sourceTree = "<group>";
		};
/* End PBXGroup section */

/* Begin PBXNativeTarget section */
		9131DC832C7369430056732F /* ExpensesBook */ = {
			isa = PBXNativeTarget;
			buildConfigurationList = 9131DCA82C7369460056732F /* Build configuration list for PBXNativeTarget "ExpensesBook" */;
			buildPhases = (
				9131DC802C7369430056732F /* Sources */,
				9131DC812C7369430056732F /* Frameworks */,
				9131DC822C7369430056732F /* Resources */,
				9141D0002C76074D00122630 /* Embed Frameworks */,
			);
			buildRules = (
			);
			dependencies = (
			);
			name = ExpensesBook;
			packageProductDependencies = (
				9131DCB72C736EBF0056732F /* RealmSwift */,
			);
			productName = ExpensesBook;
			productReference = 9131DC842C7369430056732F /* ExpensesBook.app */;
			productType = "com.apple.product-type.application";
		};
		9131DC932C7369460056732F /* ExpensesBookTests */ = {
			isa = PBXNativeTarget;
			buildConfigurationList = 9131DCAB2C7369460056732F /* Build configuration list for PBXNativeTarget "ExpensesBookTests" */;
			buildPhases = (
				9131DC902C7369460056732F /* Sources */,
				9131DC912C7369460056732F /* Frameworks */,
				9131DC922C7369460056732F /* Resources */,
				9131DCD82C73CFE70056732F /* Embed Frameworks */,
			);
			buildRules = (
			);
			dependencies = (
				9131DC962C7369460056732F /* PBXTargetDependency */,
			);
			name = ExpensesBookTests;
			packageProductDependencies = (
				9131DCD62C73CFE70056732F /* RealmSwift */,
			);
			productName = ExpensesBookTests;
			productReference = 9131DC942C7369460056732F /* ExpensesBookTests.xctest */;
			productType = "com.apple.product-type.bundle.unit-test";
		};
		9131DC9D2C7369460056732F /* ExpensesBookUITests */ = {
			isa = PBXNativeTarget;
			buildConfigurationList = 9131DCAE2C7369460056732F /* Build configuration list for PBXNativeTarget "ExpensesBookUITests" */;
			buildPhases = (
				9131DC9A2C7369460056732F /* Sources */,
				9131DC9B2C7369460056732F /* Frameworks */,
				9131DC9C2C7369460056732F /* Resources */,
			);
			buildRules = (
			);
			dependencies = (
				9131DCA02C7369460056732F /* PBXTargetDependency */,
			);
			name = ExpensesBookUITests;
			productName = ExpensesBookUITests;
			productReference = 9131DC9E2C7369460056732F /* ExpensesBookUITests.xctest */;
			productType = "com.apple.product-type.bundle.ui-testing";
		};
/* End PBXNativeTarget section */

/* Begin PBXProject section */
		9131DC7C2C7369430056732F /* Project object */ = {
			isa = PBXProject;
			attributes = {
				BuildIndependentTargetsInParallel = 1;
				LastSwiftUpdateCheck = 1540;
				LastUpgradeCheck = 1540;
				TargetAttributes = {
					9131DC832C7369430056732F = {
						CreatedOnToolsVersion = 15.4;
					};
					9131DC932C7369460056732F = {
						CreatedOnToolsVersion = 15.4;
						TestTargetID = 9131DC832C7369430056732F;
					};
					9131DC9D2C7369460056732F = {
						CreatedOnToolsVersion = 15.4;
						TestTargetID = 9131DC832C7369430056732F;
					};
				};
			};
			buildConfigurationList = 9131DC7F2C7369430056732F /* Build configuration list for PBXProject "ExpensesBook" */;
			compatibilityVersion = "Xcode 14.0";
			developmentRegion = en;
			hasScannedForEncodings = 0;
			knownRegions = (
				en,
				Base,
			);
			mainGroup = 9131DC7B2C7369430056732F;
			packageReferences = (
				9131DCB62C736EBF0056732F /* XCRemoteSwiftPackageReference "realm-swift" */,
			);
			productRefGroup = 9131DC852C7369430056732F /* Products */;
			projectDirPath = "";
			projectRoot = "";
			targets = (
				9131DC832C7369430056732F /* ExpensesBook */,
				9131DC932C7369460056732F /* ExpensesBookTests */,
				9131DC9D2C7369460056732F /* ExpensesBookUITests */,
			);
		};
/* End PBXProject section */

/* Begin PBXResourcesBuildPhase section */
		9131DC822C7369430056732F /* Resources */ = {
			isa = PBXResourcesBuildPhase;
			buildActionMask = 2147483647;
			files = (
				9131DCC82C7384470056732F /* Launch Screen.storyboard in Resources */,
				91094A2A2C77E95100611BC0 /* default_categories.json in Resources */,
				9131DC8F2C7369460056732F /* Preview Assets.xcassets in Resources */,
				9131DC8C2C7369460056732F /* Assets.xcassets in Resources */,
			);
			runOnlyForDeploymentPostprocessing = 0;
		};
		9131DC922C7369460056732F /* Resources */ = {
			isa = PBXResourcesBuildPhase;
			buildActionMask = 2147483647;
			files = (
			);
			runOnlyForDeploymentPostprocessing = 0;
		};
		9131DC9C2C7369460056732F /* Resources */ = {
			isa = PBXResourcesBuildPhase;
			buildActionMask = 2147483647;
			files = (
			);
			runOnlyForDeploymentPostprocessing = 0;
		};
/* End PBXResourcesBuildPhase section */

/* Begin PBXSourcesBuildPhase section */
		9131DC802C7369430056732F /* Sources */ = {
			isa = PBXSourcesBuildPhase;
			buildActionMask = 2147483647;
			files = (
				9131DCCB2C73B8F00056732F /* Expense.swift in Sources */,
				9131DCE12C740DAA0056732F /* CategoryRepository.swift in Sources */,
				91094A212C76537A00611BC0 /* ExpenseDetailViewModel.swift in Sources */,
				9141CFFE2C75FD4800122630 /* CaptureExpenseView.swift in Sources */,
				91094A2C2C780E7400611BC0 /* Router.swift in Sources */,
				9131DCCD2C73B91B0056732F /* Category.swift in Sources */,
				9131DCDF2C73EB340056732F /* ExpenseHistoryViewModel.swift in Sources */,
				91094A2E2C7816EE00611BC0 /* Notification+Extension.swift in Sources */,
				9131DC882C7369430056732F /* ExpensesBookApp.swift in Sources */,
				9131DCDD2C73EAEE0056732F /* ExpenseRepository.swift in Sources */,
				91094A282C77E87E00611BC0 /* FloatingActionButton.swift in Sources */,
				91A096802C76399900E082DD /* ExpenseDetailView.swift in Sources */,
				91094A232C77E24A00611BC0 /* CategoryListView.swift in Sources */,
				9131DCE32C740E390056732F /* CategoryViewModel.swift in Sources */,
				9131DCE52C75312B0056732F /* ExpenseHistoryView.swift in Sources */,
				91094A252C77E41700611BC0 /* CategoryListViewModel.swift in Sources */,
				9131DCDB2C73EA210056732F /* RealmDataManager.swift in Sources */,
				9141CFFA2C75F72300122630 /* CoordinatorContainerView.swift in Sources */,
				9141CFFC2C75FD0900122630 /* DocumentCameraView.swift in Sources */,
			);
			runOnlyForDeploymentPostprocessing = 0;
		};
		9131DC902C7369460056732F /* Sources */ = {
			isa = PBXSourcesBuildPhase;
			buildActionMask = 2147483647;
			files = (
				9131DCD22C73BA470056732F /* ExpenseModelTests.swift in Sources */,
				9131DC992C7369460056732F /* ExpensesBookTests.swift in Sources */,
				9131DCD42C73BA9E0056732F /* CategoryModelTests.swift in Sources */,
			);
			runOnlyForDeploymentPostprocessing = 0;
		};
		9131DC9A2C7369460056732F /* Sources */ = {
			isa = PBXSourcesBuildPhase;
			buildActionMask = 2147483647;
			files = (
				9131DCA52C7369460056732F /* ExpensesBookUITestsLaunchTests.swift in Sources */,
				9131DCA32C7369460056732F /* ExpensesBookUITests.swift in Sources */,
			);
			runOnlyForDeploymentPostprocessing = 0;
		};
/* End PBXSourcesBuildPhase section */

/* Begin PBXTargetDependency section */
		9131DC962C7369460056732F /* PBXTargetDependency */ = {
			isa = PBXTargetDependency;
			target = 9131DC832C7369430056732F /* ExpensesBook */;
			targetProxy = 9131DC952C7369460056732F /* PBXContainerItemProxy */;
		};
		9131DCA02C7369460056732F /* PBXTargetDependency */ = {
			isa = PBXTargetDependency;
			target = 9131DC832C7369430056732F /* ExpensesBook */;
			targetProxy = 9131DC9F2C7369460056732F /* PBXContainerItemProxy */;
		};
/* End PBXTargetDependency section */

/* Begin XCBuildConfiguration section */
		9131DCA62C7369460056732F /* Debug */ = {
			isa = XCBuildConfiguration;
			buildSettings = {
				ALWAYS_SEARCH_USER_PATHS = NO;
				ASSETCATALOG_COMPILER_GENERATE_SWIFT_ASSET_SYMBOL_EXTENSIONS = YES;
				CLANG_ANALYZER_NONNULL = YES;
				CLANG_ANALYZER_NUMBER_OBJECT_CONVERSION = YES_AGGRESSIVE;
				CLANG_CXX_LANGUAGE_STANDARD = "gnu++20";
				CLANG_ENABLE_MODULES = YES;
				CLANG_ENABLE_OBJC_ARC = YES;
				CLANG_ENABLE_OBJC_WEAK = YES;
				CLANG_WARN_BLOCK_CAPTURE_AUTORELEASING = YES;
				CLANG_WARN_BOOL_CONVERSION = YES;
				CLANG_WARN_COMMA = YES;
				CLANG_WARN_CONSTANT_CONVERSION = YES;
				CLANG_WARN_DEPRECATED_OBJC_IMPLEMENTATIONS = YES;
				CLANG_WARN_DIRECT_OBJC_ISA_USAGE = YES_ERROR;
				CLANG_WARN_DOCUMENTATION_COMMENTS = YES;
				CLANG_WARN_EMPTY_BODY = YES;
				CLANG_WARN_ENUM_CONVERSION = YES;
				CLANG_WARN_INFINITE_RECURSION = YES;
				CLANG_WARN_INT_CONVERSION = YES;
				CLANG_WARN_NON_LITERAL_NULL_CONVERSION = YES;
				CLANG_WARN_OBJC_IMPLICIT_RETAIN_SELF = YES;
				CLANG_WARN_OBJC_LITERAL_CONVERSION = YES;
				CLANG_WARN_OBJC_ROOT_CLASS = YES_ERROR;
				CLANG_WARN_QUOTED_INCLUDE_IN_FRAMEWORK_HEADER = YES;
				CLANG_WARN_RANGE_LOOP_ANALYSIS = YES;
				CLANG_WARN_STRICT_PROTOTYPES = YES;
				CLANG_WARN_SUSPICIOUS_MOVE = YES;
				CLANG_WARN_UNGUARDED_AVAILABILITY = YES_AGGRESSIVE;
				CLANG_WARN_UNREACHABLE_CODE = YES;
				CLANG_WARN__DUPLICATE_METHOD_MATCH = YES;
				COPY_PHASE_STRIP = NO;
				DEBUG_INFORMATION_FORMAT = dwarf;
				ENABLE_STRICT_OBJC_MSGSEND = YES;
				ENABLE_TESTABILITY = YES;
				ENABLE_USER_SCRIPT_SANDBOXING = YES;
				GCC_C_LANGUAGE_STANDARD = gnu17;
				GCC_DYNAMIC_NO_PIC = NO;
				GCC_NO_COMMON_BLOCKS = YES;
				GCC_OPTIMIZATION_LEVEL = 0;
				GCC_PREPROCESSOR_DEFINITIONS = (
					"DEBUG=1",
					"$(inherited)",
				);
				GCC_WARN_64_TO_32_BIT_CONVERSION = YES;
				GCC_WARN_ABOUT_RETURN_TYPE = YES_ERROR;
				GCC_WARN_UNDECLARED_SELECTOR = YES;
				GCC_WARN_UNINITIALIZED_AUTOS = YES_AGGRESSIVE;
				GCC_WARN_UNUSED_FUNCTION = YES;
				GCC_WARN_UNUSED_VARIABLE = YES;
				IPHONEOS_DEPLOYMENT_TARGET = 17.5;
				LOCALIZATION_PREFERS_STRING_CATALOGS = YES;
				MTL_ENABLE_DEBUG_INFO = INCLUDE_SOURCE;
				MTL_FAST_MATH = YES;
				ONLY_ACTIVE_ARCH = YES;
				SDKROOT = iphoneos;
				SWIFT_ACTIVE_COMPILATION_CONDITIONS = "DEBUG $(inherited)";
				SWIFT_OPTIMIZATION_LEVEL = "-Onone";
			};
			name = Debug;
		};
		9131DCA72C7369460056732F /* Release */ = {
			isa = XCBuildConfiguration;
			buildSettings = {
				ALWAYS_SEARCH_USER_PATHS = NO;
				ASSETCATALOG_COMPILER_GENERATE_SWIFT_ASSET_SYMBOL_EXTENSIONS = YES;
				CLANG_ANALYZER_NONNULL = YES;
				CLANG_ANALYZER_NUMBER_OBJECT_CONVERSION = YES_AGGRESSIVE;
				CLANG_CXX_LANGUAGE_STANDARD = "gnu++20";
				CLANG_ENABLE_MODULES = YES;
				CLANG_ENABLE_OBJC_ARC = YES;
				CLANG_ENABLE_OBJC_WEAK = YES;
				CLANG_WARN_BLOCK_CAPTURE_AUTORELEASING = YES;
				CLANG_WARN_BOOL_CONVERSION = YES;
				CLANG_WARN_COMMA = YES;
				CLANG_WARN_CONSTANT_CONVERSION = YES;
				CLANG_WARN_DEPRECATED_OBJC_IMPLEMENTATIONS = YES;
				CLANG_WARN_DIRECT_OBJC_ISA_USAGE = YES_ERROR;
				CLANG_WARN_DOCUMENTATION_COMMENTS = YES;
				CLANG_WARN_EMPTY_BODY = YES;
				CLANG_WARN_ENUM_CONVERSION = YES;
				CLANG_WARN_INFINITE_RECURSION = YES;
				CLANG_WARN_INT_CONVERSION = YES;
				CLANG_WARN_NON_LITERAL_NULL_CONVERSION = YES;
				CLANG_WARN_OBJC_IMPLICIT_RETAIN_SELF = YES;
				CLANG_WARN_OBJC_LITERAL_CONVERSION = YES;
				CLANG_WARN_OBJC_ROOT_CLASS = YES_ERROR;
				CLANG_WARN_QUOTED_INCLUDE_IN_FRAMEWORK_HEADER = YES;
				CLANG_WARN_RANGE_LOOP_ANALYSIS = YES;
				CLANG_WARN_STRICT_PROTOTYPES = YES;
				CLANG_WARN_SUSPICIOUS_MOVE = YES;
				CLANG_WARN_UNGUARDED_AVAILABILITY = YES_AGGRESSIVE;
				CLANG_WARN_UNREACHABLE_CODE = YES;
				CLANG_WARN__DUPLICATE_METHOD_MATCH = YES;
				COPY_PHASE_STRIP = NO;
				DEBUG_INFORMATION_FORMAT = "dwarf-with-dsym";
				ENABLE_NS_ASSERTIONS = NO;
				ENABLE_STRICT_OBJC_MSGSEND = YES;
				ENABLE_USER_SCRIPT_SANDBOXING = YES;
				GCC_C_LANGUAGE_STANDARD = gnu17;
				GCC_NO_COMMON_BLOCKS = YES;
				GCC_WARN_64_TO_32_BIT_CONVERSION = YES;
				GCC_WARN_ABOUT_RETURN_TYPE = YES_ERROR;
				GCC_WARN_UNDECLARED_SELECTOR = YES;
				GCC_WARN_UNINITIALIZED_AUTOS = YES_AGGRESSIVE;
				GCC_WARN_UNUSED_FUNCTION = YES;
				GCC_WARN_UNUSED_VARIABLE = YES;
				IPHONEOS_DEPLOYMENT_TARGET = 17.5;
				LOCALIZATION_PREFERS_STRING_CATALOGS = YES;
				MTL_ENABLE_DEBUG_INFO = NO;
				MTL_FAST_MATH = YES;
				SDKROOT = iphoneos;
				SWIFT_COMPILATION_MODE = wholemodule;
				VALIDATE_PRODUCT = YES;
			};
			name = Release;
		};
		9131DCA92C7369460056732F /* Debug */ = {
			isa = XCBuildConfiguration;
			buildSettings = {
				ASSETCATALOG_COMPILER_APPICON_NAME = AppIcon;
				ASSETCATALOG_COMPILER_GLOBAL_ACCENT_COLOR_NAME = AccentColor;
				CODE_SIGN_STYLE = Automatic;
				CURRENT_PROJECT_VERSION = 1;
				DEVELOPMENT_ASSET_PATHS = "\"ExpensesBook/Resources/Preview Content\"";
				DEVELOPMENT_TEAM = GDBMB7F46R;
				ENABLE_PREVIEWS = YES;
				GENERATE_INFOPLIST_FILE = YES;
				INFOPLIST_KEY_NSCameraUsageDescription = "Give access to your camera to capture and scan receipts for your expenses.";
				INFOPLIST_KEY_UIApplicationSceneManifest_Generation = YES;
				INFOPLIST_KEY_UIApplicationSupportsIndirectInputEvents = YES;
				INFOPLIST_KEY_UILaunchScreen_Generation = YES;
				INFOPLIST_KEY_UILaunchStoryboardName = "Launch Screen.storyboard";
				INFOPLIST_KEY_UISupportedInterfaceOrientations_iPad = "UIInterfaceOrientationPortrait UIInterfaceOrientationPortraitUpsideDown UIInterfaceOrientationLandscapeLeft UIInterfaceOrientationLandscapeRight";
				INFOPLIST_KEY_UISupportedInterfaceOrientations_iPhone = "UIInterfaceOrientationPortrait UIInterfaceOrientationLandscapeLeft UIInterfaceOrientationLandscapeRight";
				IPHONEOS_DEPLOYMENT_TARGET = 16.0;
				LD_RUNPATH_SEARCH_PATHS = (
					"$(inherited)",
					"@executable_path/Frameworks",
				);
				MARKETING_VERSION = 1.0;
				PRODUCT_BUNDLE_IDENTIFIER = viniciusgibran.ExpensesBook;
				PRODUCT_NAME = "$(TARGET_NAME)";
				SWIFT_EMIT_LOC_STRINGS = YES;
				SWIFT_VERSION = 5.0;
				TARGETED_DEVICE_FAMILY = "1,2";
			};
			name = Debug;
		};
		9131DCAA2C7369460056732F /* Release */ = {
			isa = XCBuildConfiguration;
			buildSettings = {
				ASSETCATALOG_COMPILER_APPICON_NAME = AppIcon;
				ASSETCATALOG_COMPILER_GLOBAL_ACCENT_COLOR_NAME = AccentColor;
				CODE_SIGN_STYLE = Automatic;
				CURRENT_PROJECT_VERSION = 1;
				DEVELOPMENT_ASSET_PATHS = "\"ExpensesBook/Resources/Preview Content\"";
				DEVELOPMENT_TEAM = GDBMB7F46R;
				ENABLE_PREVIEWS = YES;
				GENERATE_INFOPLIST_FILE = YES;
				INFOPLIST_KEY_NSCameraUsageDescription = "Give access to your camera to capture and scan receipts for your expenses.";
				INFOPLIST_KEY_UIApplicationSceneManifest_Generation = YES;
				INFOPLIST_KEY_UIApplicationSupportsIndirectInputEvents = YES;
				INFOPLIST_KEY_UILaunchScreen_Generation = YES;
				INFOPLIST_KEY_UILaunchStoryboardName = "Launch Screen.storyboard";
				INFOPLIST_KEY_UISupportedInterfaceOrientations_iPad = "UIInterfaceOrientationPortrait UIInterfaceOrientationPortraitUpsideDown UIInterfaceOrientationLandscapeLeft UIInterfaceOrientationLandscapeRight";
				INFOPLIST_KEY_UISupportedInterfaceOrientations_iPhone = "UIInterfaceOrientationPortrait UIInterfaceOrientationLandscapeLeft UIInterfaceOrientationLandscapeRight";
				IPHONEOS_DEPLOYMENT_TARGET = 16.0;
				LD_RUNPATH_SEARCH_PATHS = (
					"$(inherited)",
					"@executable_path/Frameworks",
				);
				MARKETING_VERSION = 1.0;
				PRODUCT_BUNDLE_IDENTIFIER = viniciusgibran.ExpensesBook;
				PRODUCT_NAME = "$(TARGET_NAME)";
				SWIFT_EMIT_LOC_STRINGS = YES;
				SWIFT_VERSION = 5.0;
				TARGETED_DEVICE_FAMILY = "1,2";
			};
			name = Release;
		};
		9131DCAC2C7369460056732F /* Debug */ = {
			isa = XCBuildConfiguration;
			buildSettings = {
				ALWAYS_EMBED_SWIFT_STANDARD_LIBRARIES = YES;
				BUNDLE_LOADER = "$(TEST_HOST)";
				CODE_SIGN_STYLE = Automatic;
				CURRENT_PROJECT_VERSION = 1;
				DEVELOPMENT_TEAM = GDBMB7F46R;
				GENERATE_INFOPLIST_FILE = YES;
				IPHONEOS_DEPLOYMENT_TARGET = 15.5;
				MARKETING_VERSION = 1.0;
				PRODUCT_BUNDLE_IDENTIFIER = viniciusgibran.ExpensesBookTests;
				PRODUCT_NAME = "$(TARGET_NAME)";
				SWIFT_EMIT_LOC_STRINGS = NO;
				SWIFT_VERSION = 5.0;
				TARGETED_DEVICE_FAMILY = "1,2";
				TEST_HOST = "$(BUILT_PRODUCTS_DIR)/ExpensesBook.app/$(BUNDLE_EXECUTABLE_FOLDER_PATH)/ExpensesBook";
			};
			name = Debug;
		};
		9131DCAD2C7369460056732F /* Release */ = {
			isa = XCBuildConfiguration;
			buildSettings = {
				ALWAYS_EMBED_SWIFT_STANDARD_LIBRARIES = YES;
				BUNDLE_LOADER = "$(TEST_HOST)";
				CODE_SIGN_STYLE = Automatic;
				CURRENT_PROJECT_VERSION = 1;
				DEVELOPMENT_TEAM = GDBMB7F46R;
				GENERATE_INFOPLIST_FILE = YES;
				IPHONEOS_DEPLOYMENT_TARGET = 15.5;
				MARKETING_VERSION = 1.0;
				PRODUCT_BUNDLE_IDENTIFIER = viniciusgibran.ExpensesBookTests;
				PRODUCT_NAME = "$(TARGET_NAME)";
				SWIFT_EMIT_LOC_STRINGS = NO;
				SWIFT_VERSION = 5.0;
				TARGETED_DEVICE_FAMILY = "1,2";
				TEST_HOST = "$(BUILT_PRODUCTS_DIR)/ExpensesBook.app/$(BUNDLE_EXECUTABLE_FOLDER_PATH)/ExpensesBook";
			};
			name = Release;
		};
		9131DCAF2C7369460056732F /* Debug */ = {
			isa = XCBuildConfiguration;
			buildSettings = {
				ALWAYS_EMBED_SWIFT_STANDARD_LIBRARIES = YES;
				CODE_SIGN_STYLE = Automatic;
				CURRENT_PROJECT_VERSION = 1;
				DEVELOPMENT_TEAM = GDBMB7F46R;
				GENERATE_INFOPLIST_FILE = YES;
				IPHONEOS_DEPLOYMENT_TARGET = 15.5;
				MARKETING_VERSION = 1.0;
				PRODUCT_BUNDLE_IDENTIFIER = viniciusgibran.ExpensesBookUITests;
				PRODUCT_NAME = "$(TARGET_NAME)";
				SWIFT_EMIT_LOC_STRINGS = NO;
				SWIFT_VERSION = 5.0;
				TARGETED_DEVICE_FAMILY = "1,2";
				TEST_TARGET_NAME = ExpensesBook;
			};
			name = Debug;
		};
		9131DCB02C7369460056732F /* Release */ = {
			isa = XCBuildConfiguration;
			buildSettings = {
				ALWAYS_EMBED_SWIFT_STANDARD_LIBRARIES = YES;
				CODE_SIGN_STYLE = Automatic;
				CURRENT_PROJECT_VERSION = 1;
				DEVELOPMENT_TEAM = GDBMB7F46R;
				GENERATE_INFOPLIST_FILE = YES;
				IPHONEOS_DEPLOYMENT_TARGET = 15.5;
				MARKETING_VERSION = 1.0;
				PRODUCT_BUNDLE_IDENTIFIER = viniciusgibran.ExpensesBookUITests;
				PRODUCT_NAME = "$(TARGET_NAME)";
				SWIFT_EMIT_LOC_STRINGS = NO;
				SWIFT_VERSION = 5.0;
				TARGETED_DEVICE_FAMILY = "1,2";
				TEST_TARGET_NAME = ExpensesBook;
			};
			name = Release;
		};
/* End XCBuildConfiguration section */

/* Begin XCConfigurationList section */
		9131DC7F2C7369430056732F /* Build configuration list for PBXProject "ExpensesBook" */ = {
			isa = XCConfigurationList;
			buildConfigurations = (
				9131DCA62C7369460056732F /* Debug */,
				9131DCA72C7369460056732F /* Release */,
			);
			defaultConfigurationIsVisible = 0;
			defaultConfigurationName = Release;
		};
		9131DCA82C7369460056732F /* Build configuration list for PBXNativeTarget "ExpensesBook" */ = {
			isa = XCConfigurationList;
			buildConfigurations = (
				9131DCA92C7369460056732F /* Debug */,
				9131DCAA2C7369460056732F /* Release */,
			);
			defaultConfigurationIsVisible = 0;
			defaultConfigurationName = Release;
		};
		9131DCAB2C7369460056732F /* Build configuration list for PBXNativeTarget "ExpensesBookTests" */ = {
			isa = XCConfigurationList;
			buildConfigurations = (
				9131DCAC2C7369460056732F /* Debug */,
				9131DCAD2C7369460056732F /* Release */,
			);
			defaultConfigurationIsVisible = 0;
			defaultConfigurationName = Release;
		};
		9131DCAE2C7369460056732F /* Build configuration list for PBXNativeTarget "ExpensesBookUITests" */ = {
			isa = XCConfigurationList;
			buildConfigurations = (
				9131DCAF2C7369460056732F /* Debug */,
				9131DCB02C7369460056732F /* Release */,
			);
			defaultConfigurationIsVisible = 0;
			defaultConfigurationName = Release;
		};
/* End XCConfigurationList section */

/* Begin XCRemoteSwiftPackageReference section */
		9131DCB62C736EBF0056732F /* XCRemoteSwiftPackageReference "realm-swift" */ = {
			isa = XCRemoteSwiftPackageReference;
			repositoryURL = "https://github.com/realm/realm-swift";
			requirement = {
				kind = upToNextMajorVersion;
				minimumVersion = 10.0.0;
			};
		};
/* End XCRemoteSwiftPackageReference section */

/* Begin XCSwiftPackageProductDependency section */
		9131DCB72C736EBF0056732F /* RealmSwift */ = {
			isa = XCSwiftPackageProductDependency;
			package = 9131DCB62C736EBF0056732F /* XCRemoteSwiftPackageReference "realm-swift" */;
			productName = RealmSwift;
		};
		9131DCD62C73CFE70056732F /* RealmSwift */ = {
			isa = XCSwiftPackageProductDependency;
			package = 9131DCB62C736EBF0056732F /* XCRemoteSwiftPackageReference "realm-swift" */;
			productName = RealmSwift;
		};
/* End XCSwiftPackageProductDependency section */
	};
	rootObject = 9131DC7C2C7369430056732F /* Project object */;
}
